
Microsoft Visual Studio Solution File, Format Version 12.00
# Visual Studio Version 16
VisualStudioVersion = 16.0.30907.101
MinimumVisualStudioVersion = 10.0.40219.1
Project("{FAE04EC0-301F-11D3-BF4B-00C04F79EFBC}") = "Proyecto2-bd2", "Proyecto2-bd2.csproj", "{02221582-21C3-4E70-A278-0E7FF1EA8F90}"
EndProject
Global
	GlobalSection(SolutionConfigurationPlatforms) = preSolution
		Debug|Any CPU = Debug|Any CPU
		Release|Any CPU = Release|Any CPU
	EndGlobalSection
	GlobalSection(ProjectConfigurationPlatforms) = postSolution
		{02221582-21C3-4E70-A278-0E7FF1EA8F90}.Debug|Any CPU.ActiveCfg = Debug|Any CPU
		{02221582-21C3-4E70-A278-0E7FF1EA8F90}.Debug|Any CPU.Build.0 = Debug|Any CPU
		{02221582-21C3-4E70-A278-0E7FF1EA8F90}.Release|Any CPU.ActiveCfg = Release|Any CPU
		{02221582-21C3-4E70-A278-0E7FF1EA8F90}.Release|Any CPU.Build.0 = Release|Any CPU
	EndGlobalSection
	GlobalSection(SolutionProperties) = preSolution
		HideSolutionNode = FALSE
	EndGlobalSection
	GlobalSection(ExtensibilityGlobals) = postSolution
		SolutionGuid = {B1464AC2-25B7-4E5F-8BB1-489E8D6A2948}
	EndGlobalSection
EndGlobal
